{
    "_readme": [
        "This file locks the dependencies of your project to a known state",
        "Read more about it at https://getcomposer.org/doc/01-basic-usage.md#composer-lock-the-lock-file",
        "This file is @generated automatically"
    ],
    "content-hash": "73d0afea06f85d6bf832f1d88ac63f63",
    "packages": [
        {
            "name": "xjzhang/redis-token",
            "version": "dev-master",
            "source": {
                "type": "git",
                "url": "https://github.com/xingjia05/redis-token.git",
                "reference": "817c56dffe8571ede14f6de855f59dac2692eb01"
            },
            "dist": {
                "type": "zip",
                "url": "https://api.github.com/repos/xingjia05/redis-token/zipball/817c56dffe8571ede14f6de855f59dac2692eb01",
                "reference": "817c56dffe8571ede14f6de855f59dac2692eb01",
                "shasum": "",
                "mirrors": [
                    {
                        "url": "https://dl.laravel-china.org/%package%/%reference%.%type%",
                        "preferred": true
                    }
                ]
            },
            "require": {
                "php": ">=7.1.0"
            },
            "type": "library",
            "autoload": {
                "psr-4": {
                    "TokenClient\\": "src/"
                }
            },
            "notification-url": "https://packagist.org/downloads/",
            "license": [
                "MIT"
            ],
            "authors": [
                {
                    "name": "zhangxingjia",
                    "email": "xjzhang@hillinsight.com"
                }
            ],
            "description": "PHP Token Clie",
            "time": "2018-10-20T11:48:47+00:00"
        }
    ],
    "packages-dev": [],
    "aliases": [],
    "minimum-stability": "stable",
    "stability-flags": {
        "xjzhang/redis-token": 20
    },
    "prefer-stable": false,
    "prefer-lowest": false,
    "platform": [],
    "platform-dev": []
}
